PODS:
  - Alamofire (4.6.0)
  - Cosmos (14.0.0)
  - SwiftyJSON (4.0.0)
  - TextFieldEffects (1.4.0)

DEPENDENCIES:
  - Alamofire
  - Cosmos
  - SwiftyJSON
  - TextFieldEffects

SPEC REPOS:
  https://github.com/cocoapods/specs.git:
    - Alamofire
    - Cosmos
    - SwiftyJSON
    - TextFieldEffects

SPEC CHECKSUMS:
  Alamofire: f41a599bd63041760b26d393ec1069d9d7b917f4
  Cosmos: 6dd44b65d587033e690ae1c350c875d262a23fda
  SwiftyJSON: 070dabdcb1beb81b247c65ffa3a79dbbfb3b48aa
  TextFieldEffects: 4ee41b5216e674d55fb6ac25107bf1af7629176f

PODFILE CHECKSUM: a71d4ed835f2cb0b999dffb766291b32193fdcad

COCOAPODS: 1.5.2
